Microsoft Visual Studio Solution File, Format Version 12.00
# Visual Studio Version 17
VisualStudioVersion = 17.14.36121.58
MinimumVisualStudioVersion = 10.0.40219.1
Project("{8BC9CEB8-8B4A-11D0-8D11-00A0C91BC942}") = "Modeler", "Modeler\Modeler.vcxproj", "{9E0BA4A5-61AD-9CF5-AC0D-50DAB6639605}"
	ProjectSection(ProjectDependencies) = postProject
		{65DB6A1F-72C7-3FAC-A511-282CF86A6B44} = {65DB6A1F-72C7-3FAC-A511-282CF86A6B44}
		{A2BCAF74-9A9D-3F93-9592-2453FC62A627} = {A2BCAF74-9A9D-3F93-9592-2453FC62A627}
	EndProjectSection
EndProject
Project("{8BC9CEB8-8B4A-11D0-8D11-00A0C91BC942}") = "SeriousSkaStudio", "SeriousSkaStudio\SeriousSkaStudio.vcxproj", "{CC94A769-3B63-008D-0B03-525791C804D1}"
	ProjectSection(ProjectDependencies) = postProject
		{AC040397-6FEA-E9B2-2B28-5BB08E1607A1} = {AC040397-6FEA-E9B2-2B28-5BB08E1607A1}
	EndProjectSection
EndProject
Project("{8BC9CEB8-8B4A-11D0-8D11-00A0C91BC942}") = "Shaders", "Shaders\Shaders.vcxproj", "{AC040397-6FEA-E9B2-2B28-5BB08E1607A1}"
EndProject
Project("{8BC9CEB8-8B4A-11D0-8D11-00A0C91BC942}") = "WorldEditor", "WorldEditor\WorldEditor.vcxproj", "{DC47DA88-14E2-0634-61C5-7CEEC46A45C2}"
	ProjectSection(ProjectDependencies) = postProject
		{A2BCAF74-9A9D-3F93-9592-2453FC62A627} = {A2BCAF74-9A9D-3F93-9592-2453FC62A627}
		{AC040397-6FEA-E9B2-2B28-5BB08E1607A1} = {AC040397-6FEA-E9B2-2B28-5BB08E1607A1}
	EndProjectSection
EndProject
Project("{8BC9CEB8-8B4A-11D0-8D11-00A0C91BC942}") = "assimp", "assimpBuild\code\assimp.vcxproj", "{65DB6A1F-72C7-3FAC-A511-282CF86A6B44}"
EndProject
Project("{8BC9CEB8-8B4A-11D0-8D11-00A0C91BC942}") = "IrrXML", "assimpBuild\contrib\irrXML\IrrXML.vcxproj", "{A95FDE23-1094-3C20-AA4A-AFE3E22CE127}"
EndProject
Project("{8BC9CEB8-8B4A-11D0-8D11-00A0C91BC942}") = "QtSolutions_MFCMigrationFramework", "qtwinmigrateBuild\QtSolutions_MFCMigrationFramework.vcxproj", "{A2BCAF74-9A9D-3F93-9592-2453FC62A627}"
EndProject
Project("{8BC9CEB8-8B4A-11D0-8D11-00A0C91BC942}") = "SeriousEngineCppAPI", "SeriousEngineCppAPIBuild\SeriousEngineCppAPI.vcxproj", "{6E3F2C39-15BF-3EB7-AEFC-BE0B791B09E2}"
EndProject
Global
	GlobalSection(SolutionConfigurationPlatforms) = preSolution
		Debug|Win32 = Debug|Win32
		Debug|x64 = Debug|x64
		MinSizeRel|Win32 = MinSizeRel|Win32
		MinSizeRel|x64 = MinSizeRel|x64
		Release|Win32 = Release|Win32
		Release|x64 = Release|x64
		RelWithDebInfo|Win32 = RelWithDebInfo|Win32
		RelWithDebInfo|x64 = RelWithDebInfo|x64
		Template|Win32 = Template|Win32
		Template|x64 = Template|x64
	EndGlobalSection
	GlobalSection(ProjectConfigurationPlatforms) = postSolution
		{9E0BA4A5-61AD-9CF5-AC0D-50DAB6639605}.Debug|Win32.ActiveCfg = Debug|Win32
		{9E0BA4A5-61AD-9CF5-AC0D-50DAB6639605}.Debug|Win32.Build.0 = Debug|Win32
		{9E0BA4A5-61AD-9CF5-AC0D-50DAB6639605}.Debug|x64.ActiveCfg = Debug|Win32
		{9E0BA4A5-61AD-9CF5-AC0D-50DAB6639605}.MinSizeRel|Win32.ActiveCfg = Template|Win32
		{9E0BA4A5-61AD-9CF5-AC0D-50DAB6639605}.MinSizeRel|Win32.Build.0 = Template|Win32
		{9E0BA4A5-61AD-9CF5-AC0D-50DAB6639605}.MinSizeRel|x64.ActiveCfg = Release|Win32
		{9E0BA4A5-61AD-9CF5-AC0D-50DAB6639605}.MinSizeRel|x64.Build.0 = Release|Win32
		{9E0BA4A5-61AD-9CF5-AC0D-50DAB6639605}.Release|Win32.ActiveCfg = Release|Win32
		{9E0BA4A5-61AD-9CF5-AC0D-50DAB6639605}.Release|Win32.Build.0 = Release|Win32
		{9E0BA4A5-61AD-9CF5-AC0D-50DAB6639605}.Release|x64.ActiveCfg = Release|Win32
		{9E0BA4A5-61AD-9CF5-AC0D-50DAB6639605}.RelWithDebInfo|Win32.ActiveCfg = Release|Win32
		{9E0BA4A5-61AD-9CF5-AC0D-50DAB6639605}.RelWithDebInfo|Win32.Build.0 = Release|Win32
		{9E0BA4A5-61AD-9CF5-AC0D-50DAB6639605}.RelWithDebInfo|x64.ActiveCfg = Release|Win32
		{9E0BA4A5-61AD-9CF5-AC0D-50DAB6639605}.RelWithDebInfo|x64.Build.0 = Release|Win32
		{9E0BA4A5-61AD-9CF5-AC0D-50DAB6639605}.Template|Win32.ActiveCfg = Template|Win32
		{9E0BA4A5-61AD-9CF5-AC0D-50DAB6639605}.Template|Win32.Build.0 = Template|Win32
		{9E0BA4A5-61AD-9CF5-AC0D-50DAB6639605}.Template|x64.ActiveCfg = Template|Win32
		{CC94A769-3B63-008D-0B03-525791C804D1}.Debug|Win32.ActiveCfg = Debug|Win32
		{CC94A769-3B63-008D-0B03-525791C804D1}.Debug|Win32.Build.0 = Debug|Win32
		{CC94A769-3B63-008D-0B03-525791C804D1}.Debug|x64.ActiveCfg = Debug|Win32
		{CC94A769-3B63-008D-0B03-525791C804D1}.MinSizeRel|Win32.ActiveCfg = Template|Win32
		{CC94A769-3B63-008D-0B03-525791C804D1}.MinSizeRel|Win32.Build.0 = Template|Win32
		{CC94A769-3B63-008D-0B03-525791C804D1}.MinSizeRel|x64.ActiveCfg = Release|Win32
		{CC94A769-3B63-008D-0B03-525791C804D1}.MinSizeRel|x64.Build.0 = Release|Win32
		{CC94A769-3B63-008D-0B03-525791C804D1}.Release|Win32.ActiveCfg = Release|Win32
		{CC94A769-3B63-008D-0B03-525791C804D1}.Release|Win32.Build.0 = Release|Win32
		{CC94A769-3B63-008D-0B03-525791C804D1}.Release|x64.ActiveCfg = Release|Win32
		{CC94A769-3B63-008D-0B03-525791C804D1}.RelWithDebInfo|Win32.ActiveCfg = Release|Win32
		{CC94A769-3B63-008D-0B03-525791C804D1}.RelWithDebInfo|Win32.Build.0 = Release|Win32
		{CC94A769-3B63-008D-0B03-525791C804D1}.RelWithDebInfo|x64.ActiveCfg = Release|Win32
		{CC94A769-3B63-008D-0B03-525791C804D1}.RelWithDebInfo|x64.Build.0 = Release|Win32
		{CC94A769-3B63-008D-0B03-525791C804D1}.Template|Win32.ActiveCfg = Template|Win32
		{CC94A769-3B63-008D-0B03-525791C804D1}.Template|Win32.Build.0 = Template|Win32
		{CC94A769-3B63-008D-0B03-525791C804D1}.Template|x64.ActiveCfg = Template|Win32
		{AC040397-6FEA-E9B2-2B28-5BB08E1607A1}.Debug|Win32.ActiveCfg = Debug|Win32
		{AC040397-6FEA-E9B2-2B28-5BB08E1607A1}.Debug|Win32.Build.0 = Debug|Win32
		{AC040397-6FEA-E9B2-2B28-5BB08E1607A1}.Debug|x64.ActiveCfg = Debug|Win32
		{AC040397-6FEA-E9B2-2B28-5BB08E1607A1}.MinSizeRel|Win32.ActiveCfg = Template|Win32
		{AC040397-6FEA-E9B2-2B28-5BB08E1607A1}.MinSizeRel|Win32.Build.0 = Template|Win32
		{AC040397-6FEA-E9B2-2B28-5BB08E1607A1}.MinSizeRel|x64.ActiveCfg = Release|Win32
		{AC040397-6FEA-E9B2-2B28-5BB08E1607A1}.MinSizeRel|x64.Build.0 = Release|Win32
		{AC040397-6FEA-E9B2-2B28-5BB08E1607A1}.Release|Win32.ActiveCfg = Release|Win32
		{AC040397-6FEA-E9B2-2B28-5BB08E1607A1}.Release|Win32.Build.0 = Release|Win32
		{AC040397-6FEA-E9B2-2B28-5BB08E1607A1}.Release|x64.ActiveCfg = Release|Win32
		{AC040397-6FEA-E9B2-2B28-5BB08E1607A1}.RelWithDebInfo|Win32.ActiveCfg = Release|Win32
		{AC040397-6FEA-E9B2-2B28-5BB08E1607A1}.RelWithDebInfo|Win32.Build.0 = Release|Win32
		{AC040397-6FEA-E9B2-2B28-5BB08E1607A1}.RelWithDebInfo|x64.ActiveCfg = Release|Win32
		{AC040397-6FEA-E9B2-2B28-5BB08E1607A1}.RelWithDebInfo|x64.Build.0 = Release|Win32
		{AC040397-6FEA-E9B2-2B28-5BB08E1607A1}.Template|Win32.ActiveCfg = Template|Win32
		{AC040397-6FEA-E9B2-2B28-5BB08E1607A1}.Template|Win32.Build.0 = Template|Win32
		{AC040397-6FEA-E9B2-2B28-5BB08E1607A1}.Template|x64.ActiveCfg = Template|Win32
		{DC47DA88-14E2-0634-61C5-7CEEC46A45C2}.Debug|Win32.ActiveCfg = Debug|Win32
		{DC47DA88-14E2-0634-61C5-7CEEC46A45C2}.Debug|Win32.Build.0 = Debug|Win32
		{DC47DA88-14E2-0634-61C5-7CEEC46A45C2}.Debug|x64.ActiveCfg = Debug|Win32
		{DC47DA88-14E2-0634-61C5-7CEEC46A45C2}.MinSizeRel|Win32.ActiveCfg = Template|Win32
		{DC47DA88-14E2-0634-61C5-7CEEC46A45C2}.MinSizeRel|Win32.Build.0 = Template|Win32
		{DC47DA88-14E2-0634-61C5-7CEEC46A45C2}.MinSizeRel|x64.ActiveCfg = Release|Win32
		{DC47DA88-14E2-0634-61C5-7CEEC46A45C2}.MinSizeRel|x64.Build.0 = Release|Win32
		{DC47DA88-14E2-0634-61C5-7CEEC46A45C2}.Release|Win32.ActiveCfg = Release|Win32
		{DC47DA88-14E2-0634-61C5-7CEEC46A45C2}.Release|Win32.Build.0 = Release|Win32
		{DC47DA88-14E2-0634-61C5-7CEEC46A45C2}.Release|x64.ActiveCfg = Release|Win32
		{DC47DA88-14E2-0634-61C5-7CEEC46A45C2}.RelWithDebInfo|Win32.ActiveCfg = Release|Win32
		{DC47DA88-14E2-0634-61C5-7CEEC46A45C2}.RelWithDebInfo|Win32.Build.0 = Release|Win32
		{DC47DA88-14E2-0634-61C5-7CEEC46A45C2}.RelWithDebInfo|x64.ActiveCfg = Release|Win32
		{DC47DA88-14E2-0634-61C5-7CEEC46A45C2}.RelWithDebInfo|x64.Build.0 = Release|Win32
		{DC47DA88-14E2-0634-61C5-7CEEC46A45C2}.Template|Win32.ActiveCfg = Template|Win32
		{DC47DA88-14E2-0634-61C5-7CEEC46A45C2}.Template|Win32.Build.0 = Template|Win32
		{DC47DA88-14E2-0634-61C5-7CEEC46A45C2}.Template|x64.ActiveCfg = Template|Win32
		{65DB6A1F-72C7-3FAC-A511-282CF86A6B44}.Debug|Win32.ActiveCfg = Debug|Win32
		{65DB6A1F-72C7-3FAC-A511-282CF86A6B44}.Debug|Win32.Build.0 = Debug|Win32
		{65DB6A1F-72C7-3FAC-A511-282CF86A6B44}.Debug|x64.ActiveCfg = Debug|Win32
		{65DB6A1F-72C7-3FAC-A511-282CF86A6B44}.MinSizeRel|Win32.ActiveCfg = MinSizeRel|Win32
		{65DB6A1F-72C7-3FAC-A511-282CF86A6B44}.MinSizeRel|Win32.Build.0 = MinSizeRel|Win32
		{65DB6A1F-72C7-3FAC-A511-282CF86A6B44}.MinSizeRel|x64.ActiveCfg = MinSizeRel|Win32
		{65DB6A1F-72C7-3FAC-A511-282CF86A6B44}.Release|Win32.ActiveCfg = Release|Win32
		{65DB6A1F-72C7-3FAC-A511-282CF86A6B44}.Release|Win32.Build.0 = Release|Win32
		{65DB6A1F-72C7-3FAC-A511-282CF86A6B44}.Release|x64.ActiveCfg = Release|Win32
		{65DB6A1F-72C7-3FAC-A511-282CF86A6B44}.RelWithDebInfo|Win32.ActiveCfg = Release|Win32
		{65DB6A1F-72C7-3FAC-A511-282CF86A6B44}.RelWithDebInfo|Win32.Build.0 = Release|Win32
		{65DB6A1F-72C7-3FAC-A511-282CF86A6B44}.RelWithDebInfo|x64.ActiveCfg = RelWithDebInfo|Win32
		{65DB6A1F-72C7-3FAC-A511-282CF86A6B44}.Template|Win32.ActiveCfg = Release|Win32
		{65DB6A1F-72C7-3FAC-A511-282CF86A6B44}.Template|Win32.Build.0 = Release|Win32
		{65DB6A1F-72C7-3FAC-A511-282CF86A6B44}.Template|x64.ActiveCfg = RelWithDebInfo|Win32
		{65DB6A1F-72C7-3FAC-A511-282CF86A6B44}.Template|x64.Build.0 = RelWithDebInfo|Win32
		{A95FDE23-1094-3C20-AA4A-AFE3E22CE127}.Debug|Win32.ActiveCfg = Debug|Win32
		{A95FDE23-1094-3C20-AA4A-AFE3E22CE127}.Debug|Win32.Build.0 = Debug|Win32
		{A95FDE23-1094-3C20-AA4A-AFE3E22CE127}.Debug|x64.ActiveCfg = Debug|Win32
		{A95FDE23-1094-3C20-AA4A-AFE3E22CE127}.MinSizeRel|Win32.ActiveCfg = MinSizeRel|Win32
		{A95FDE23-1094-3C20-AA4A-AFE3E22CE127}.MinSizeRel|Win32.Build.0 = MinSizeRel|Win32
		{A95FDE23-1094-3C20-AA4A-AFE3E22CE127}.MinSizeRel|x64.ActiveCfg = MinSizeRel|Win32
		{A95FDE23-1094-3C20-AA4A-AFE3E22CE127}.Release|Win32.ActiveCfg = Release|Win32
		{A95FDE23-1094-3C20-AA4A-AFE3E22CE127}.Release|Win32.Build.0 = Release|Win32
		{A95FDE23-1094-3C20-AA4A-AFE3E22CE127}.Release|x64.ActiveCfg = Release|Win32
		{A95FDE23-1094-3C20-AA4A-AFE3E22CE127}.RelWithDebInfo|Win32.ActiveCfg = Release|Win32
		{A95FDE23-1094-3C20-AA4A-AFE3E22CE127}.RelWithDebInfo|Win32.Build.0 = Release|Win32
		{A95FDE23-1094-3C20-AA4A-AFE3E22CE127}.RelWithDebInfo|x64.ActiveCfg = RelWithDebInfo|Win32
		{A95FDE23-1094-3C20-AA4A-AFE3E22CE127}.Template|Win32.ActiveCfg = Debug|Win32
		{A95FDE23-1094-3C20-AA4A-AFE3E22CE127}.Template|Win32.Build.0 = Debug|Win32
		{A95FDE23-1094-3C20-AA4A-AFE3E22CE127}.Template|x64.ActiveCfg = RelWithDebInfo|Win32
		{A95FDE23-1094-3C20-AA4A-AFE3E22CE127}.Template|x64.Build.0 = RelWithDebInfo|Win32
		{A2BCAF74-9A9D-3F93-9592-2453FC62A627}.Debug|Win32.ActiveCfg = Debug|Win32
		{A2BCAF74-9A9D-3F93-9592-2453FC62A627}.Debug|Win32.Build.0 = Debug|Win32
		{A2BCAF74-9A9D-3F93-9592-2453FC62A627}.Debug|x64.ActiveCfg = Debug|Win32
		{A2BCAF74-9A9D-3F93-9592-2453FC62A627}.MinSizeRel|Win32.ActiveCfg = MinSizeRel|Win32
		{A2BCAF74-9A9D-3F93-9592-2453FC62A627}.MinSizeRel|Win32.Build.0 = MinSizeRel|Win32
		{A2BCAF74-9A9D-3F93-9592-2453FC62A627}.MinSizeRel|x64.ActiveCfg = MinSizeRel|Win32
		{A2BCAF74-9A9D-3F93-9592-2453FC62A627}.Release|Win32.ActiveCfg = Release|Win32
		{A2BCAF74-9A9D-3F93-9592-2453FC62A627}.Release|Win32.Build.0 = Release|Win32
		{A2BCAF74-9A9D-3F93-9592-2453FC62A627}.Release|x64.ActiveCfg = Release|Win32
		{A2BCAF74-9A9D-3F93-9592-2453FC62A627}.RelWithDebInfo|Win32.ActiveCfg = RelWithDebInfo|Win32
		{A2BCAF74-9A9D-3F93-9592-2453FC62A627}.RelWithDebInfo|Win32.Build.0 = RelWithDebInfo|Win32
		{A2BCAF74-9A9D-3F93-9592-2453FC62A627}.RelWithDebInfo|x64.ActiveCfg = RelWithDebInfo|Win32
		{A2BCAF74-9A9D-3F93-9592-2453FC62A627}.Template|Win32.ActiveCfg = Debug|Win32
		{A2BCAF74-9A9D-3F93-9592-2453FC62A627}.Template|Win32.Build.0 = Debug|Win32
		{A2BCAF74-9A9D-3F93-9592-2453FC62A627}.Template|x64.ActiveCfg = Debug|Win32
		{A2BCAF74-9A9D-3F93-9592-2453FC62A627}.Template|x64.Build.0 = Debug|Win32
		{6E3F2C39-15BF-3EB7-AEFC-BE0B791B09E2}.Debug|Win32.ActiveCfg = Debug|Win32
		{6E3F2C39-15BF-3EB7-AEFC-BE0B791B09E2}.Debug|Win32.Build.0 = Debug|Win32
		{6E3F2C39-15BF-3EB7-AEFC-BE0B791B09E2}.Debug|x64.ActiveCfg = Debug|Win32
		{6E3F2C39-15BF-3EB7-AEFC-BE0B791B09E2}.Debug|x64.Build.0 = Debug|Win32
		{6E3F2C39-15BF-3EB7-AEFC-BE0B791B09E2}.MinSizeRel|Win32.ActiveCfg = MinSizeRel|Win32
		{6E3F2C39-15BF-3EB7-AEFC-BE0B791B09E2}.MinSizeRel|Win32.Build.0 = MinSizeRel|Win32
		{6E3F2C39-15BF-3EB7-AEFC-BE0B791B09E2}.MinSizeRel|x64.ActiveCfg = MinSizeRel|Win32
		{6E3F2C39-15BF-3EB7-AEFC-BE0B791B09E2}.MinSizeRel|x64.Build.0 = MinSizeRel|Win32
		{6E3F2C39-15BF-3EB7-AEFC-BE0B791B09E2}.Release|Win32.ActiveCfg = Release|Win32
		{6E3F2C39-15BF-3EB7-AEFC-BE0B791B09E2}.Release|Win32.Build.0 = Release|Win32
		{6E3F2C39-15BF-3EB7-AEFC-BE0B791B09E2}.Release|x64.ActiveCfg = Release|Win32
		{6E3F2C39-15BF-3EB7-AEFC-BE0B791B09E2}.Release|x64.Build.0 = Release|Win32
		{6E3F2C39-15BF-3EB7-AEFC-BE0B791B09E2}.RelWithDebInfo|Win32.ActiveCfg = RelWithDebInfo|Win32
		{6E3F2C39-15BF-3EB7-AEFC-BE0B791B09E2}.RelWithDebInfo|Win32.Build.0 = RelWithDebInfo|Win32
		{6E3F2C39-15BF-3EB7-AEFC-BE0B791B09E2}.RelWithDebInfo|x64.ActiveCfg = RelWithDebInfo|Win32
		{6E3F2C39-15BF-3EB7-AEFC-BE0B791B09E2}.RelWithDebInfo|x64.Build.0 = RelWithDebInfo|Win32
		{6E3F2C39-15BF-3EB7-AEFC-BE0B791B09E2}.Template|Win32.ActiveCfg = MinSizeRel|Win32
		{6E3F2C39-15BF-3EB7-AEFC-BE0B791B09E2}.Template|Win32.Build.0 = MinSizeRel|Win32
		{6E3F2C39-15BF-3EB7-AEFC-BE0B791B09E2}.Template|x64.ActiveCfg = MinSizeRel|Win32
		{6E3F2C39-15BF-3EB7-AEFC-BE0B791B09E2}.Template|x64.Build.0 = MinSizeRel|Win32
	EndGlobalSection
	GlobalSection(SolutionProperties) = preSolution
		HideSolutionNode = FALSE
	EndGlobalSection
	GlobalSection(ExtensibilityGlobals) = postSolution
		SolutionGuid = {2E23EDA9-2520-4B9B-BEF3-8DA879260F71}
	EndGlobalSection
EndGlobal
