Microsoft Visual Studio Solution File, Format Version 12.00
# Visual Studio Version 17
VisualStudioVersion = 17.14.36121.58
MinimumVisualStudioVersion = 10.0.40219.1
Project("{8BC9CEB8-8B4A-11D0-8D11-00A0C91BC942}") = "SeriousModelerEX", "Modeler\Modeler.vcxproj", "{9E0BA4A5-61AD-9CF5-AC0D-50DAB6639605}"
	ProjectSection(ProjectDependencies) = postProject
		{65DB6A1F-72C7-3FAC-A511-282CF86A6B44} = {65DB6A1F-72C7-3FAC-A511-282CF86A6B44}
		{870758F3-5C2F-D196-2A89-CC336EBE7779} = {870758F3-5C2F-D196-2A89-CC336EBE7779}
		{A1047E8A-DB32-31CE-93DB-CE7B5B848476} = {A1047E8A-DB32-31CE-93DB-CE7B5B848476}
	EndProjectSection
EndProject
Project("{8BC9CEB8-8B4A-11D0-8D11-00A0C91BC942}") = "SeriousSkaStudio", "SeriousSkaStudio\SeriousSkaStudio.vcxproj", "{CC94A769-3B63-008D-0B03-525791C804D1}"
EndProject
Project("{8BC9CEB8-8B4A-11D0-8D11-00A0C91BC942}") = "SeriousEditorEX", "WorldEditor\WorldEditor.vcxproj", "{DC47DA88-14E2-0634-61C5-7CEEC46A45C2}"
	ProjectSection(ProjectDependencies) = postProject
		{0C50571B-86DD-3D6E-BF1A-A6A4B0F02D5F} = {0C50571B-86DD-3D6E-BF1A-A6A4B0F02D5F}
		{6E3F2C39-15BF-3EB7-AEFC-BE0B791B09E2} = {6E3F2C39-15BF-3EB7-AEFC-BE0B791B09E2}
		{870758F3-5C2F-D196-2A89-CC336EBE7779} = {870758F3-5C2F-D196-2A89-CC336EBE7779}
		{A1047E8A-DB32-31CE-93DB-CE7B5B848476} = {A1047E8A-DB32-31CE-93DB-CE7B5B848476}
	EndProjectSection
EndProject
Project("{8BC9CEB8-8B4A-11D0-8D11-00A0C91BC942}") = "assimp", "assimpBuild\code\assimp.vcxproj", "{65DB6A1F-72C7-3FAC-A511-282CF86A6B44}"
EndProject
Project("{8BC9CEB8-8B4A-11D0-8D11-00A0C91BC942}") = "IrrXML", "assimpBuild\contrib\irrXML\IrrXML.vcxproj", "{A95FDE23-1094-3C20-AA4A-AFE3E22CE127}"
EndProject
Project("{8BC9CEB8-8B4A-11D0-8D11-00A0C91BC942}") = "SeriousEngineCppAPI", "SeriousEngineCppAPIBuild\SeriousEngineCppAPI.vcxproj", "{6E3F2C39-15BF-3EB7-AEFC-BE0B791B09E2}"
EndProject
Project("{8BC9CEB8-8B4A-11D0-8D11-00A0C91BC942}") = "EngineEX", "EngineGui\EngineGUI.vcxproj", "{870758F3-5C2F-D196-2A89-CC336EBE7779}"
	ProjectSection(ProjectDependencies) = postProject
		{65DB6A1F-72C7-3FAC-A511-282CF86A6B44} = {65DB6A1F-72C7-3FAC-A511-282CF86A6B44}
		{6E3F2C39-15BF-3EB7-AEFC-BE0B791B09E2} = {6E3F2C39-15BF-3EB7-AEFC-BE0B791B09E2}
		{A1047E8A-DB32-31CE-93DB-CE7B5B848476} = {A1047E8A-DB32-31CE-93DB-CE7B5B848476}
		{A95FDE23-1094-3C20-AA4A-AFE3E22CE127} = {A95FDE23-1094-3C20-AA4A-AFE3E22CE127}
		{C0335A91-AA07-31B5-BEA5-A09DC2EF05C4} = {C0335A91-AA07-31B5-BEA5-A09DC2EF05C4}
	EndProjectSection
EndProject
Project("{8BC9CEB8-8B4A-11D0-8D11-00A0C91BC942}") = "zlibstatic", "assimpBuild\contrib\zlib\zlibstatic.vcxproj", "{C0335A91-AA07-31B5-BEA5-A09DC2EF05C4}"
EndProject
Project("{8BC9CEB8-8B4A-11D0-8D11-00A0C91BC942}") = "CrashRpt", "CrashRptBuild\reporting\crashrpt\CrashRpt.vcxproj", "{0C50571B-86DD-3D6E-BF1A-A6A4B0F02D5F}"
EndProject
Project("{8BC9CEB8-8B4A-11D0-8D11-00A0C91BC942}") = "CrashSender", "CrashRptBuild\reporting\crashsender\CrashSender.vcxproj", "{FC1FB656-1371-3E56-93F3-D86DD4CB2DDE}"
EndProject
Project("{8BC9CEB8-8B4A-11D0-8D11-00A0C91BC942}") = "zlib", "CrashRptBuild\thirdparty\zlib\zlib.vcxproj", "{A46F99A0-C629-3800-ADA3-175195418AAA}"
EndProject
Project("{8BC9CEB8-8B4A-11D0-8D11-00A0C91BC942}") = "minizip", "CrashRptBuild\thirdparty\minizip\minizip.vcxproj", "{F05F59F3-C121-3FC9-A05D-B47342DEE607}"
EndProject
Project("{8BC9CEB8-8B4A-11D0-8D11-00A0C91BC942}") = "libjpeg", "CrashRptBuild\thirdparty\jpeg\libjpeg.vcxproj", "{0679DCF0-4FAF-3ADF-8577-00821062EBAC}"
EndProject
Project("{8BC9CEB8-8B4A-11D0-8D11-00A0C91BC942}") = "libpng", "CrashRptBuild\thirdparty\libpng\libpng.vcxproj", "{3ECAEB7D-7491-3510-B519-B3F1C79304FA}"
EndProject
Project("{8BC9CEB8-8B4A-11D0-8D11-00A0C91BC942}") = "tinyxml", "CrashRptBuild\thirdparty\tinyxml\tinyxml.vcxproj", "{F3C5F8FF-1142-314F-8169-FE92FB3021F7}"
EndProject
Project("{8BC9CEB8-8B4A-11D0-8D11-00A0C91BC942}") = "libogg", "CrashRptBuild\thirdparty\libogg\libogg.vcxproj", "{145E725D-A8BA-36B7-A5A1-9DABB7BE9A9A}"
EndProject
Project("{8BC9CEB8-8B4A-11D0-8D11-00A0C91BC942}") = "libtheora", "CrashRptBuild\thirdparty\libtheora\libtheora.vcxproj", "{D99F7304-FD3A-33C6-B579-463AED15AB6B}"
EndProject
Project("{8BC9CEB8-8B4A-11D0-8D11-00A0C91BC942}") = "qtwinmigrate", "qtwinmigrateBuild\qtwinmigrate.vcxproj", "{A1047E8A-DB32-31CE-93DB-CE7B5B848476}"
EndProject
Global
	GlobalSection(SolutionConfigurationPlatforms) = preSolution
		Debug|Win32 = Debug|Win32
		Debug|x64 = Debug|x64
		MinSizeRel|Win32 = MinSizeRel|Win32
		MinSizeRel|x64 = MinSizeRel|x64
		Release|Win32 = Release|Win32
		Release|x64 = Release|x64
		RelWithDebInfo|Win32 = RelWithDebInfo|Win32
		RelWithDebInfo|x64 = RelWithDebInfo|x64
		Template|Win32 = Template|Win32
		Template|x64 = Template|x64
	EndGlobalSection
	GlobalSection(ProjectConfigurationPlatforms) = postSolution
		{9E0BA4A5-61AD-9CF5-AC0D-50DAB6639605}.Debug|Win32.ActiveCfg = Debug|Win32
		{9E0BA4A5-61AD-9CF5-AC0D-50DAB6639605}.Debug|Win32.Build.0 = Debug|Win32
		{9E0BA4A5-61AD-9CF5-AC0D-50DAB6639605}.Debug|x64.ActiveCfg = Debug|Win32
		{9E0BA4A5-61AD-9CF5-AC0D-50DAB6639605}.MinSizeRel|Win32.ActiveCfg = Template|Win32
		{9E0BA4A5-61AD-9CF5-AC0D-50DAB6639605}.MinSizeRel|Win32.Build.0 = Template|Win32
		{9E0BA4A5-61AD-9CF5-AC0D-50DAB6639605}.MinSizeRel|x64.ActiveCfg = Release|Win32
		{9E0BA4A5-61AD-9CF5-AC0D-50DAB6639605}.MinSizeRel|x64.Build.0 = Release|Win32
		{9E0BA4A5-61AD-9CF5-AC0D-50DAB6639605}.Release|Win32.ActiveCfg = Release|Win32
		{9E0BA4A5-61AD-9CF5-AC0D-50DAB6639605}.Release|Win32.Build.0 = Release|Win32
		{9E0BA4A5-61AD-9CF5-AC0D-50DAB6639605}.Release|x64.ActiveCfg = Release|Win32
		{9E0BA4A5-61AD-9CF5-AC0D-50DAB6639605}.RelWithDebInfo|Win32.ActiveCfg = Release|Win32
		{9E0BA4A5-61AD-9CF5-AC0D-50DAB6639605}.RelWithDebInfo|Win32.Build.0 = Release|Win32
		{9E0BA4A5-61AD-9CF5-AC0D-50DAB6639605}.RelWithDebInfo|x64.ActiveCfg = Release|Win32
		{9E0BA4A5-61AD-9CF5-AC0D-50DAB6639605}.RelWithDebInfo|x64.Build.0 = Release|Win32
		{9E0BA4A5-61AD-9CF5-AC0D-50DAB6639605}.Template|Win32.ActiveCfg = Template|Win32
		{9E0BA4A5-61AD-9CF5-AC0D-50DAB6639605}.Template|Win32.Build.0 = Template|Win32
		{9E0BA4A5-61AD-9CF5-AC0D-50DAB6639605}.Template|x64.ActiveCfg = Template|Win32
		{CC94A769-3B63-008D-0B03-525791C804D1}.Debug|Win32.ActiveCfg = Debug|Win32
		{CC94A769-3B63-008D-0B03-525791C804D1}.Debug|Win32.Build.0 = Debug|Win32
		{CC94A769-3B63-008D-0B03-525791C804D1}.Debug|x64.ActiveCfg = Debug|Win32
		{CC94A769-3B63-008D-0B03-525791C804D1}.MinSizeRel|Win32.ActiveCfg = Template|Win32
		{CC94A769-3B63-008D-0B03-525791C804D1}.MinSizeRel|Win32.Build.0 = Template|Win32
		{CC94A769-3B63-008D-0B03-525791C804D1}.MinSizeRel|x64.ActiveCfg = Release|Win32
		{CC94A769-3B63-008D-0B03-525791C804D1}.MinSizeRel|x64.Build.0 = Release|Win32
		{CC94A769-3B63-008D-0B03-525791C804D1}.Release|Win32.ActiveCfg = Release|Win32
		{CC94A769-3B63-008D-0B03-525791C804D1}.Release|Win32.Build.0 = Release|Win32
		{CC94A769-3B63-008D-0B03-525791C804D1}.Release|x64.ActiveCfg = Release|Win32
		{CC94A769-3B63-008D-0B03-525791C804D1}.RelWithDebInfo|Win32.ActiveCfg = Release|Win32
		{CC94A769-3B63-008D-0B03-525791C804D1}.RelWithDebInfo|Win32.Build.0 = Release|Win32
		{CC94A769-3B63-008D-0B03-525791C804D1}.RelWithDebInfo|x64.ActiveCfg = Release|Win32
		{CC94A769-3B63-008D-0B03-525791C804D1}.RelWithDebInfo|x64.Build.0 = Release|Win32
		{CC94A769-3B63-008D-0B03-525791C804D1}.Template|Win32.ActiveCfg = Template|Win32
		{CC94A769-3B63-008D-0B03-525791C804D1}.Template|Win32.Build.0 = Template|Win32
		{CC94A769-3B63-008D-0B03-525791C804D1}.Template|x64.ActiveCfg = Template|Win32
		{DC47DA88-14E2-0634-61C5-7CEEC46A45C2}.Debug|Win32.ActiveCfg = Debug|Win32
		{DC47DA88-14E2-0634-61C5-7CEEC46A45C2}.Debug|Win32.Build.0 = Debug|Win32
		{DC47DA88-14E2-0634-61C5-7CEEC46A45C2}.Debug|x64.ActiveCfg = Debug|Win32
		{DC47DA88-14E2-0634-61C5-7CEEC46A45C2}.MinSizeRel|Win32.ActiveCfg = Template|Win32
		{DC47DA88-14E2-0634-61C5-7CEEC46A45C2}.MinSizeRel|Win32.Build.0 = Template|Win32
		{DC47DA88-14E2-0634-61C5-7CEEC46A45C2}.MinSizeRel|x64.ActiveCfg = Release|Win32
		{DC47DA88-14E2-0634-61C5-7CEEC46A45C2}.MinSizeRel|x64.Build.0 = Release|Win32
		{DC47DA88-14E2-0634-61C5-7CEEC46A45C2}.Release|Win32.ActiveCfg = Release|Win32
		{DC47DA88-14E2-0634-61C5-7CEEC46A45C2}.Release|Win32.Build.0 = Release|Win32
		{DC47DA88-14E2-0634-61C5-7CEEC46A45C2}.Release|x64.ActiveCfg = Release|Win32
		{DC47DA88-14E2-0634-61C5-7CEEC46A45C2}.RelWithDebInfo|Win32.ActiveCfg = Release|Win32
		{DC47DA88-14E2-0634-61C5-7CEEC46A45C2}.RelWithDebInfo|Win32.Build.0 = Release|Win32
		{DC47DA88-14E2-0634-61C5-7CEEC46A45C2}.RelWithDebInfo|x64.ActiveCfg = Release|Win32
		{DC47DA88-14E2-0634-61C5-7CEEC46A45C2}.RelWithDebInfo|x64.Build.0 = Release|Win32
		{DC47DA88-14E2-0634-61C5-7CEEC46A45C2}.Template|Win32.ActiveCfg = Template|Win32
		{DC47DA88-14E2-0634-61C5-7CEEC46A45C2}.Template|Win32.Build.0 = Template|Win32
		{DC47DA88-14E2-0634-61C5-7CEEC46A45C2}.Template|x64.ActiveCfg = Template|Win32
		{65DB6A1F-72C7-3FAC-A511-282CF86A6B44}.Debug|Win32.ActiveCfg = Debug|Win32
		{65DB6A1F-72C7-3FAC-A511-282CF86A6B44}.Debug|Win32.Build.0 = Debug|Win32
		{65DB6A1F-72C7-3FAC-A511-282CF86A6B44}.Debug|x64.ActiveCfg = Debug|Win32
		{65DB6A1F-72C7-3FAC-A511-282CF86A6B44}.MinSizeRel|Win32.ActiveCfg = MinSizeRel|Win32
		{65DB6A1F-72C7-3FAC-A511-282CF86A6B44}.MinSizeRel|Win32.Build.0 = MinSizeRel|Win32
		{65DB6A1F-72C7-3FAC-A511-282CF86A6B44}.MinSizeRel|x64.ActiveCfg = MinSizeRel|Win32
		{65DB6A1F-72C7-3FAC-A511-282CF86A6B44}.Release|Win32.ActiveCfg = Release|Win32
		{65DB6A1F-72C7-3FAC-A511-282CF86A6B44}.Release|Win32.Build.0 = Release|Win32
		{65DB6A1F-72C7-3FAC-A511-282CF86A6B44}.Release|x64.ActiveCfg = Release|Win32
		{65DB6A1F-72C7-3FAC-A511-282CF86A6B44}.RelWithDebInfo|Win32.ActiveCfg = Release|Win32
		{65DB6A1F-72C7-3FAC-A511-282CF86A6B44}.RelWithDebInfo|Win32.Build.0 = Release|Win32
		{65DB6A1F-72C7-3FAC-A511-282CF86A6B44}.RelWithDebInfo|x64.ActiveCfg = RelWithDebInfo|Win32
		{65DB6A1F-72C7-3FAC-A511-282CF86A6B44}.Template|Win32.ActiveCfg = Release|Win32
		{65DB6A1F-72C7-3FAC-A511-282CF86A6B44}.Template|Win32.Build.0 = Release|Win32
		{65DB6A1F-72C7-3FAC-A511-282CF86A6B44}.Template|x64.ActiveCfg = RelWithDebInfo|Win32
		{65DB6A1F-72C7-3FAC-A511-282CF86A6B44}.Template|x64.Build.0 = RelWithDebInfo|Win32
		{A95FDE23-1094-3C20-AA4A-AFE3E22CE127}.Debug|Win32.ActiveCfg = Debug|Win32
		{A95FDE23-1094-3C20-AA4A-AFE3E22CE127}.Debug|Win32.Build.0 = Debug|Win32
		{A95FDE23-1094-3C20-AA4A-AFE3E22CE127}.Debug|x64.ActiveCfg = Debug|Win32
		{A95FDE23-1094-3C20-AA4A-AFE3E22CE127}.MinSizeRel|Win32.ActiveCfg = MinSizeRel|Win32
		{A95FDE23-1094-3C20-AA4A-AFE3E22CE127}.MinSizeRel|Win32.Build.0 = MinSizeRel|Win32
		{A95FDE23-1094-3C20-AA4A-AFE3E22CE127}.MinSizeRel|x64.ActiveCfg = MinSizeRel|Win32
		{A95FDE23-1094-3C20-AA4A-AFE3E22CE127}.Release|Win32.ActiveCfg = Release|Win32
		{A95FDE23-1094-3C20-AA4A-AFE3E22CE127}.Release|Win32.Build.0 = Release|Win32
		{A95FDE23-1094-3C20-AA4A-AFE3E22CE127}.Release|x64.ActiveCfg = Release|Win32
		{A95FDE23-1094-3C20-AA4A-AFE3E22CE127}.RelWithDebInfo|Win32.ActiveCfg = Release|Win32
		{A95FDE23-1094-3C20-AA4A-AFE3E22CE127}.RelWithDebInfo|Win32.Build.0 = Release|Win32
		{A95FDE23-1094-3C20-AA4A-AFE3E22CE127}.RelWithDebInfo|x64.ActiveCfg = RelWithDebInfo|Win32
		{A95FDE23-1094-3C20-AA4A-AFE3E22CE127}.Template|Win32.ActiveCfg = Debug|Win32
		{A95FDE23-1094-3C20-AA4A-AFE3E22CE127}.Template|Win32.Build.0 = Debug|Win32
		{A95FDE23-1094-3C20-AA4A-AFE3E22CE127}.Template|x64.ActiveCfg = RelWithDebInfo|Win32
		{A95FDE23-1094-3C20-AA4A-AFE3E22CE127}.Template|x64.Build.0 = RelWithDebInfo|Win32
		{6E3F2C39-15BF-3EB7-AEFC-BE0B791B09E2}.Debug|Win32.ActiveCfg = Debug|Win32
		{6E3F2C39-15BF-3EB7-AEFC-BE0B791B09E2}.Debug|Win32.Build.0 = Debug|Win32
		{6E3F2C39-15BF-3EB7-AEFC-BE0B791B09E2}.Debug|x64.ActiveCfg = Debug|Win32
		{6E3F2C39-15BF-3EB7-AEFC-BE0B791B09E2}.Debug|x64.Build.0 = Debug|Win32
		{6E3F2C39-15BF-3EB7-AEFC-BE0B791B09E2}.MinSizeRel|Win32.ActiveCfg = MinSizeRel|Win32
		{6E3F2C39-15BF-3EB7-AEFC-BE0B791B09E2}.MinSizeRel|Win32.Build.0 = MinSizeRel|Win32
		{6E3F2C39-15BF-3EB7-AEFC-BE0B791B09E2}.MinSizeRel|x64.ActiveCfg = MinSizeRel|Win32
		{6E3F2C39-15BF-3EB7-AEFC-BE0B791B09E2}.MinSizeRel|x64.Build.0 = MinSizeRel|Win32
		{6E3F2C39-15BF-3EB7-AEFC-BE0B791B09E2}.Release|Win32.ActiveCfg = Release|Win32
		{6E3F2C39-15BF-3EB7-AEFC-BE0B791B09E2}.Release|Win32.Build.0 = Release|Win32
		{6E3F2C39-15BF-3EB7-AEFC-BE0B791B09E2}.Release|x64.ActiveCfg = Release|Win32
		{6E3F2C39-15BF-3EB7-AEFC-BE0B791B09E2}.Release|x64.Build.0 = Release|Win32
		{6E3F2C39-15BF-3EB7-AEFC-BE0B791B09E2}.RelWithDebInfo|Win32.ActiveCfg = RelWithDebInfo|Win32
		{6E3F2C39-15BF-3EB7-AEFC-BE0B791B09E2}.RelWithDebInfo|Win32.Build.0 = RelWithDebInfo|Win32
		{6E3F2C39-15BF-3EB7-AEFC-BE0B791B09E2}.RelWithDebInfo|x64.ActiveCfg = RelWithDebInfo|Win32
		{6E3F2C39-15BF-3EB7-AEFC-BE0B791B09E2}.RelWithDebInfo|x64.Build.0 = RelWithDebInfo|Win32
		{6E3F2C39-15BF-3EB7-AEFC-BE0B791B09E2}.Template|Win32.ActiveCfg = MinSizeRel|Win32
		{6E3F2C39-15BF-3EB7-AEFC-BE0B791B09E2}.Template|Win32.Build.0 = MinSizeRel|Win32
		{6E3F2C39-15BF-3EB7-AEFC-BE0B791B09E2}.Template|x64.ActiveCfg = MinSizeRel|Win32
		{6E3F2C39-15BF-3EB7-AEFC-BE0B791B09E2}.Template|x64.Build.0 = MinSizeRel|Win32
		{870758F3-5C2F-D196-2A89-CC336EBE7779}.Debug|Win32.ActiveCfg = Debug|Win32
		{870758F3-5C2F-D196-2A89-CC336EBE7779}.Debug|Win32.Build.0 = Debug|Win32
		{870758F3-5C2F-D196-2A89-CC336EBE7779}.Debug|x64.ActiveCfg = Debug|Win32
		{870758F3-5C2F-D196-2A89-CC336EBE7779}.Debug|x64.Build.0 = Debug|Win32
		{870758F3-5C2F-D196-2A89-CC336EBE7779}.MinSizeRel|Win32.ActiveCfg = Template|Win32
		{870758F3-5C2F-D196-2A89-CC336EBE7779}.MinSizeRel|Win32.Build.0 = Template|Win32
		{870758F3-5C2F-D196-2A89-CC336EBE7779}.MinSizeRel|x64.ActiveCfg = Template|Win32
		{870758F3-5C2F-D196-2A89-CC336EBE7779}.MinSizeRel|x64.Build.0 = Template|Win32
		{870758F3-5C2F-D196-2A89-CC336EBE7779}.Release|Win32.ActiveCfg = Release|Win32
		{870758F3-5C2F-D196-2A89-CC336EBE7779}.Release|Win32.Build.0 = Release|Win32
		{870758F3-5C2F-D196-2A89-CC336EBE7779}.Release|x64.ActiveCfg = Release|Win32
		{870758F3-5C2F-D196-2A89-CC336EBE7779}.Release|x64.Build.0 = Release|Win32
		{870758F3-5C2F-D196-2A89-CC336EBE7779}.RelWithDebInfo|Win32.ActiveCfg = Debug|Win32
		{870758F3-5C2F-D196-2A89-CC336EBE7779}.RelWithDebInfo|Win32.Build.0 = Debug|Win32
		{870758F3-5C2F-D196-2A89-CC336EBE7779}.RelWithDebInfo|x64.ActiveCfg = Debug|Win32
		{870758F3-5C2F-D196-2A89-CC336EBE7779}.RelWithDebInfo|x64.Build.0 = Debug|Win32
		{870758F3-5C2F-D196-2A89-CC336EBE7779}.Template|Win32.ActiveCfg = Template|Win32
		{870758F3-5C2F-D196-2A89-CC336EBE7779}.Template|Win32.Build.0 = Template|Win32
		{870758F3-5C2F-D196-2A89-CC336EBE7779}.Template|x64.ActiveCfg = Template|Win32
		{870758F3-5C2F-D196-2A89-CC336EBE7779}.Template|x64.Build.0 = Template|Win32
		{C0335A91-AA07-31B5-BEA5-A09DC2EF05C4}.Debug|Win32.ActiveCfg = Debug|Win32
		{C0335A91-AA07-31B5-BEA5-A09DC2EF05C4}.Debug|Win32.Build.0 = Debug|Win32
		{C0335A91-AA07-31B5-BEA5-A09DC2EF05C4}.Debug|x64.ActiveCfg = Debug|Win32
		{C0335A91-AA07-31B5-BEA5-A09DC2EF05C4}.Debug|x64.Build.0 = Debug|Win32
		{C0335A91-AA07-31B5-BEA5-A09DC2EF05C4}.MinSizeRel|Win32.ActiveCfg = MinSizeRel|Win32
		{C0335A91-AA07-31B5-BEA5-A09DC2EF05C4}.MinSizeRel|Win32.Build.0 = MinSizeRel|Win32
		{C0335A91-AA07-31B5-BEA5-A09DC2EF05C4}.MinSizeRel|x64.ActiveCfg = MinSizeRel|Win32
		{C0335A91-AA07-31B5-BEA5-A09DC2EF05C4}.MinSizeRel|x64.Build.0 = MinSizeRel|Win32
		{C0335A91-AA07-31B5-BEA5-A09DC2EF05C4}.Release|Win32.ActiveCfg = Release|Win32
		{C0335A91-AA07-31B5-BEA5-A09DC2EF05C4}.Release|Win32.Build.0 = Release|Win32
		{C0335A91-AA07-31B5-BEA5-A09DC2EF05C4}.Release|x64.ActiveCfg = Release|Win32
		{C0335A91-AA07-31B5-BEA5-A09DC2EF05C4}.Release|x64.Build.0 = Release|Win32
		{C0335A91-AA07-31B5-BEA5-A09DC2EF05C4}.RelWithDebInfo|Win32.ActiveCfg = RelWithDebInfo|Win32
		{C0335A91-AA07-31B5-BEA5-A09DC2EF05C4}.RelWithDebInfo|Win32.Build.0 = RelWithDebInfo|Win32
		{C0335A91-AA07-31B5-BEA5-A09DC2EF05C4}.RelWithDebInfo|x64.ActiveCfg = RelWithDebInfo|Win32
		{C0335A91-AA07-31B5-BEA5-A09DC2EF05C4}.RelWithDebInfo|x64.Build.0 = RelWithDebInfo|Win32
		{C0335A91-AA07-31B5-BEA5-A09DC2EF05C4}.Template|Win32.ActiveCfg = MinSizeRel|Win32
		{C0335A91-AA07-31B5-BEA5-A09DC2EF05C4}.Template|Win32.Build.0 = MinSizeRel|Win32
		{C0335A91-AA07-31B5-BEA5-A09DC2EF05C4}.Template|x64.ActiveCfg = MinSizeRel|Win32
		{C0335A91-AA07-31B5-BEA5-A09DC2EF05C4}.Template|x64.Build.0 = MinSizeRel|Win32
		{0C50571B-86DD-3D6E-BF1A-A6A4B0F02D5F}.Debug|Win32.ActiveCfg = Debug|Win32
		{0C50571B-86DD-3D6E-BF1A-A6A4B0F02D5F}.Debug|Win32.Build.0 = Debug|Win32
		{0C50571B-86DD-3D6E-BF1A-A6A4B0F02D5F}.Debug|x64.ActiveCfg = Debug|Win32
		{0C50571B-86DD-3D6E-BF1A-A6A4B0F02D5F}.Debug|x64.Build.0 = Debug|Win32
		{0C50571B-86DD-3D6E-BF1A-A6A4B0F02D5F}.MinSizeRel|Win32.ActiveCfg = Release|Win32
		{0C50571B-86DD-3D6E-BF1A-A6A4B0F02D5F}.MinSizeRel|Win32.Build.0 = Release|Win32
		{0C50571B-86DD-3D6E-BF1A-A6A4B0F02D5F}.MinSizeRel|x64.ActiveCfg = Release|Win32
		{0C50571B-86DD-3D6E-BF1A-A6A4B0F02D5F}.MinSizeRel|x64.Build.0 = Release|Win32
		{0C50571B-86DD-3D6E-BF1A-A6A4B0F02D5F}.Release|Win32.ActiveCfg = Release|Win32
		{0C50571B-86DD-3D6E-BF1A-A6A4B0F02D5F}.Release|Win32.Build.0 = Release|Win32
		{0C50571B-86DD-3D6E-BF1A-A6A4B0F02D5F}.Release|x64.ActiveCfg = Release|Win32
		{0C50571B-86DD-3D6E-BF1A-A6A4B0F02D5F}.Release|x64.Build.0 = Release|Win32
		{0C50571B-86DD-3D6E-BF1A-A6A4B0F02D5F}.RelWithDebInfo|Win32.ActiveCfg = Debug|Win32
		{0C50571B-86DD-3D6E-BF1A-A6A4B0F02D5F}.RelWithDebInfo|Win32.Build.0 = Debug|Win32
		{0C50571B-86DD-3D6E-BF1A-A6A4B0F02D5F}.RelWithDebInfo|x64.ActiveCfg = Debug|Win32
		{0C50571B-86DD-3D6E-BF1A-A6A4B0F02D5F}.RelWithDebInfo|x64.Build.0 = Debug|Win32
		{0C50571B-86DD-3D6E-BF1A-A6A4B0F02D5F}.Template|Win32.ActiveCfg = Debug|Win32
		{0C50571B-86DD-3D6E-BF1A-A6A4B0F02D5F}.Template|Win32.Build.0 = Debug|Win32
		{0C50571B-86DD-3D6E-BF1A-A6A4B0F02D5F}.Template|x64.ActiveCfg = Debug|Win32
		{0C50571B-86DD-3D6E-BF1A-A6A4B0F02D5F}.Template|x64.Build.0 = Debug|Win32
		{FC1FB656-1371-3E56-93F3-D86DD4CB2DDE}.Debug|Win32.ActiveCfg = Debug|Win32
		{FC1FB656-1371-3E56-93F3-D86DD4CB2DDE}.Debug|Win32.Build.0 = Debug|Win32
		{FC1FB656-1371-3E56-93F3-D86DD4CB2DDE}.Debug|x64.ActiveCfg = Debug|Win32
		{FC1FB656-1371-3E56-93F3-D86DD4CB2DDE}.Debug|x64.Build.0 = Debug|Win32
		{FC1FB656-1371-3E56-93F3-D86DD4CB2DDE}.MinSizeRel|Win32.ActiveCfg = Release|Win32
		{FC1FB656-1371-3E56-93F3-D86DD4CB2DDE}.MinSizeRel|Win32.Build.0 = Release|Win32
		{FC1FB656-1371-3E56-93F3-D86DD4CB2DDE}.MinSizeRel|x64.ActiveCfg = Release|Win32
		{FC1FB656-1371-3E56-93F3-D86DD4CB2DDE}.MinSizeRel|x64.Build.0 = Release|Win32
		{FC1FB656-1371-3E56-93F3-D86DD4CB2DDE}.Release|Win32.ActiveCfg = Release|Win32
		{FC1FB656-1371-3E56-93F3-D86DD4CB2DDE}.Release|Win32.Build.0 = Release|Win32
		{FC1FB656-1371-3E56-93F3-D86DD4CB2DDE}.Release|x64.ActiveCfg = Release|Win32
		{FC1FB656-1371-3E56-93F3-D86DD4CB2DDE}.Release|x64.Build.0 = Release|Win32
		{FC1FB656-1371-3E56-93F3-D86DD4CB2DDE}.RelWithDebInfo|Win32.ActiveCfg = Debug|Win32
		{FC1FB656-1371-3E56-93F3-D86DD4CB2DDE}.RelWithDebInfo|Win32.Build.0 = Debug|Win32
		{FC1FB656-1371-3E56-93F3-D86DD4CB2DDE}.RelWithDebInfo|x64.ActiveCfg = Debug|Win32
		{FC1FB656-1371-3E56-93F3-D86DD4CB2DDE}.RelWithDebInfo|x64.Build.0 = Debug|Win32
		{FC1FB656-1371-3E56-93F3-D86DD4CB2DDE}.Template|Win32.ActiveCfg = Debug|Win32
		{FC1FB656-1371-3E56-93F3-D86DD4CB2DDE}.Template|Win32.Build.0 = Debug|Win32
		{FC1FB656-1371-3E56-93F3-D86DD4CB2DDE}.Template|x64.ActiveCfg = Debug|Win32
		{FC1FB656-1371-3E56-93F3-D86DD4CB2DDE}.Template|x64.Build.0 = Debug|Win32
		{A46F99A0-C629-3800-ADA3-175195418AAA}.Debug|Win32.ActiveCfg = Debug|Win32
		{A46F99A0-C629-3800-ADA3-175195418AAA}.Debug|Win32.Build.0 = Debug|Win32
		{A46F99A0-C629-3800-ADA3-175195418AAA}.Debug|x64.ActiveCfg = Debug|Win32
		{A46F99A0-C629-3800-ADA3-175195418AAA}.Debug|x64.Build.0 = Debug|Win32
		{A46F99A0-C629-3800-ADA3-175195418AAA}.MinSizeRel|Win32.ActiveCfg = Release|Win32
		{A46F99A0-C629-3800-ADA3-175195418AAA}.MinSizeRel|Win32.Build.0 = Release|Win32
		{A46F99A0-C629-3800-ADA3-175195418AAA}.MinSizeRel|x64.ActiveCfg = Release|Win32
		{A46F99A0-C629-3800-ADA3-175195418AAA}.MinSizeRel|x64.Build.0 = Release|Win32
		{A46F99A0-C629-3800-ADA3-175195418AAA}.Release|Win32.ActiveCfg = Release|Win32
		{A46F99A0-C629-3800-ADA3-175195418AAA}.Release|Win32.Build.0 = Release|Win32
		{A46F99A0-C629-3800-ADA3-175195418AAA}.Release|x64.ActiveCfg = Release|Win32
		{A46F99A0-C629-3800-ADA3-175195418AAA}.Release|x64.Build.0 = Release|Win32
		{A46F99A0-C629-3800-ADA3-175195418AAA}.RelWithDebInfo|Win32.ActiveCfg = Debug|Win32
		{A46F99A0-C629-3800-ADA3-175195418AAA}.RelWithDebInfo|Win32.Build.0 = Debug|Win32
		{A46F99A0-C629-3800-ADA3-175195418AAA}.RelWithDebInfo|x64.ActiveCfg = Debug|Win32
		{A46F99A0-C629-3800-ADA3-175195418AAA}.RelWithDebInfo|x64.Build.0 = Debug|Win32
		{A46F99A0-C629-3800-ADA3-175195418AAA}.Template|Win32.ActiveCfg = Debug|Win32
		{A46F99A0-C629-3800-ADA3-175195418AAA}.Template|Win32.Build.0 = Debug|Win32
		{A46F99A0-C629-3800-ADA3-175195418AAA}.Template|x64.ActiveCfg = Debug|Win32
		{A46F99A0-C629-3800-ADA3-175195418AAA}.Template|x64.Build.0 = Debug|Win32
		{F05F59F3-C121-3FC9-A05D-B47342DEE607}.Debug|Win32.ActiveCfg = Debug|Win32
		{F05F59F3-C121-3FC9-A05D-B47342DEE607}.Debug|Win32.Build.0 = Debug|Win32
		{F05F59F3-C121-3FC9-A05D-B47342DEE607}.Debug|x64.ActiveCfg = Debug|Win32
		{F05F59F3-C121-3FC9-A05D-B47342DEE607}.Debug|x64.Build.0 = Debug|Win32
		{F05F59F3-C121-3FC9-A05D-B47342DEE607}.MinSizeRel|Win32.ActiveCfg = Release|Win32
		{F05F59F3-C121-3FC9-A05D-B47342DEE607}.MinSizeRel|Win32.Build.0 = Release|Win32
		{F05F59F3-C121-3FC9-A05D-B47342DEE607}.MinSizeRel|x64.ActiveCfg = Release|Win32
		{F05F59F3-C121-3FC9-A05D-B47342DEE607}.MinSizeRel|x64.Build.0 = Release|Win32
		{F05F59F3-C121-3FC9-A05D-B47342DEE607}.Release|Win32.ActiveCfg = Release|Win32
		{F05F59F3-C121-3FC9-A05D-B47342DEE607}.Release|Win32.Build.0 = Release|Win32
		{F05F59F3-C121-3FC9-A05D-B47342DEE607}.Release|x64.ActiveCfg = Release|Win32
		{F05F59F3-C121-3FC9-A05D-B47342DEE607}.Release|x64.Build.0 = Release|Win32
		{F05F59F3-C121-3FC9-A05D-B47342DEE607}.RelWithDebInfo|Win32.ActiveCfg = Debug|Win32
		{F05F59F3-C121-3FC9-A05D-B47342DEE607}.RelWithDebInfo|Win32.Build.0 = Debug|Win32
		{F05F59F3-C121-3FC9-A05D-B47342DEE607}.RelWithDebInfo|x64.ActiveCfg = Debug|Win32
		{F05F59F3-C121-3FC9-A05D-B47342DEE607}.RelWithDebInfo|x64.Build.0 = Debug|Win32
		{F05F59F3-C121-3FC9-A05D-B47342DEE607}.Template|Win32.ActiveCfg = Debug|Win32
		{F05F59F3-C121-3FC9-A05D-B47342DEE607}.Template|Win32.Build.0 = Debug|Win32
		{F05F59F3-C121-3FC9-A05D-B47342DEE607}.Template|x64.ActiveCfg = Debug|Win32
		{F05F59F3-C121-3FC9-A05D-B47342DEE607}.Template|x64.Build.0 = Debug|Win32
		{0679DCF0-4FAF-3ADF-8577-00821062EBAC}.Debug|Win32.ActiveCfg = Debug|Win32
		{0679DCF0-4FAF-3ADF-8577-00821062EBAC}.Debug|Win32.Build.0 = Debug|Win32
		{0679DCF0-4FAF-3ADF-8577-00821062EBAC}.Debug|x64.ActiveCfg = Debug|Win32
		{0679DCF0-4FAF-3ADF-8577-00821062EBAC}.Debug|x64.Build.0 = Debug|Win32
		{0679DCF0-4FAF-3ADF-8577-00821062EBAC}.MinSizeRel|Win32.ActiveCfg = Release|Win32
		{0679DCF0-4FAF-3ADF-8577-00821062EBAC}.MinSizeRel|Win32.Build.0 = Release|Win32
		{0679DCF0-4FAF-3ADF-8577-00821062EBAC}.MinSizeRel|x64.ActiveCfg = Release|Win32
		{0679DCF0-4FAF-3ADF-8577-00821062EBAC}.MinSizeRel|x64.Build.0 = Release|Win32
		{0679DCF0-4FAF-3ADF-8577-00821062EBAC}.Release|Win32.ActiveCfg = Release|Win32
		{0679DCF0-4FAF-3ADF-8577-00821062EBAC}.Release|Win32.Build.0 = Release|Win32
		{0679DCF0-4FAF-3ADF-8577-00821062EBAC}.Release|x64.ActiveCfg = Release|Win32
		{0679DCF0-4FAF-3ADF-8577-00821062EBAC}.Release|x64.Build.0 = Release|Win32
		{0679DCF0-4FAF-3ADF-8577-00821062EBAC}.RelWithDebInfo|Win32.ActiveCfg = Debug|Win32
		{0679DCF0-4FAF-3ADF-8577-00821062EBAC}.RelWithDebInfo|Win32.Build.0 = Debug|Win32
		{0679DCF0-4FAF-3ADF-8577-00821062EBAC}.RelWithDebInfo|x64.ActiveCfg = Debug|Win32
		{0679DCF0-4FAF-3ADF-8577-00821062EBAC}.RelWithDebInfo|x64.Build.0 = Debug|Win32
		{0679DCF0-4FAF-3ADF-8577-00821062EBAC}.Template|Win32.ActiveCfg = Debug|Win32
		{0679DCF0-4FAF-3ADF-8577-00821062EBAC}.Template|Win32.Build.0 = Debug|Win32
		{0679DCF0-4FAF-3ADF-8577-00821062EBAC}.Template|x64.ActiveCfg = Debug|Win32
		{0679DCF0-4FAF-3ADF-8577-00821062EBAC}.Template|x64.Build.0 = Debug|Win32
		{3ECAEB7D-7491-3510-B519-B3F1C79304FA}.Debug|Win32.ActiveCfg = Debug|Win32
		{3ECAEB7D-7491-3510-B519-B3F1C79304FA}.Debug|Win32.Build.0 = Debug|Win32
		{3ECAEB7D-7491-3510-B519-B3F1C79304FA}.Debug|x64.ActiveCfg = Debug|Win32
		{3ECAEB7D-7491-3510-B519-B3F1C79304FA}.Debug|x64.Build.0 = Debug|Win32
		{3ECAEB7D-7491-3510-B519-B3F1C79304FA}.MinSizeRel|Win32.ActiveCfg = Release|Win32
		{3ECAEB7D-7491-3510-B519-B3F1C79304FA}.MinSizeRel|Win32.Build.0 = Release|Win32
		{3ECAEB7D-7491-3510-B519-B3F1C79304FA}.MinSizeRel|x64.ActiveCfg = Release|Win32
		{3ECAEB7D-7491-3510-B519-B3F1C79304FA}.MinSizeRel|x64.Build.0 = Release|Win32
		{3ECAEB7D-7491-3510-B519-B3F1C79304FA}.Release|Win32.ActiveCfg = Release|Win32
		{3ECAEB7D-7491-3510-B519-B3F1C79304FA}.Release|Win32.Build.0 = Release|Win32
		{3ECAEB7D-7491-3510-B519-B3F1C79304FA}.Release|x64.ActiveCfg = Release|Win32
		{3ECAEB7D-7491-3510-B519-B3F1C79304FA}.Release|x64.Build.0 = Release|Win32
		{3ECAEB7D-7491-3510-B519-B3F1C79304FA}.RelWithDebInfo|Win32.ActiveCfg = Debug|Win32
		{3ECAEB7D-7491-3510-B519-B3F1C79304FA}.RelWithDebInfo|Win32.Build.0 = Debug|Win32
		{3ECAEB7D-7491-3510-B519-B3F1C79304FA}.RelWithDebInfo|x64.ActiveCfg = Debug|Win32
		{3ECAEB7D-7491-3510-B519-B3F1C79304FA}.RelWithDebInfo|x64.Build.0 = Debug|Win32
		{3ECAEB7D-7491-3510-B519-B3F1C79304FA}.Template|Win32.ActiveCfg = Debug|Win32
		{3ECAEB7D-7491-3510-B519-B3F1C79304FA}.Template|Win32.Build.0 = Debug|Win32
		{3ECAEB7D-7491-3510-B519-B3F1C79304FA}.Template|x64.ActiveCfg = Debug|Win32
		{3ECAEB7D-7491-3510-B519-B3F1C79304FA}.Template|x64.Build.0 = Debug|Win32
		{F3C5F8FF-1142-314F-8169-FE92FB3021F7}.Debug|Win32.ActiveCfg = Debug|Win32
		{F3C5F8FF-1142-314F-8169-FE92FB3021F7}.Debug|Win32.Build.0 = Debug|Win32
		{F3C5F8FF-1142-314F-8169-FE92FB3021F7}.Debug|x64.ActiveCfg = Debug|Win32
		{F3C5F8FF-1142-314F-8169-FE92FB3021F7}.Debug|x64.Build.0 = Debug|Win32
		{F3C5F8FF-1142-314F-8169-FE92FB3021F7}.MinSizeRel|Win32.ActiveCfg = Release|Win32
		{F3C5F8FF-1142-314F-8169-FE92FB3021F7}.MinSizeRel|Win32.Build.0 = Release|Win32
		{F3C5F8FF-1142-314F-8169-FE92FB3021F7}.MinSizeRel|x64.ActiveCfg = Release|Win32
		{F3C5F8FF-1142-314F-8169-FE92FB3021F7}.MinSizeRel|x64.Build.0 = Release|Win32
		{F3C5F8FF-1142-314F-8169-FE92FB3021F7}.Release|Win32.ActiveCfg = Release|Win32
		{F3C5F8FF-1142-314F-8169-FE92FB3021F7}.Release|Win32.Build.0 = Release|Win32
		{F3C5F8FF-1142-314F-8169-FE92FB3021F7}.Release|x64.ActiveCfg = Release|Win32
		{F3C5F8FF-1142-314F-8169-FE92FB3021F7}.Release|x64.Build.0 = Release|Win32
		{F3C5F8FF-1142-314F-8169-FE92FB3021F7}.RelWithDebInfo|Win32.ActiveCfg = Debug|Win32
		{F3C5F8FF-1142-314F-8169-FE92FB3021F7}.RelWithDebInfo|Win32.Build.0 = Debug|Win32
		{F3C5F8FF-1142-314F-8169-FE92FB3021F7}.RelWithDebInfo|x64.ActiveCfg = Debug|Win32
		{F3C5F8FF-1142-314F-8169-FE92FB3021F7}.RelWithDebInfo|x64.Build.0 = Debug|Win32
		{F3C5F8FF-1142-314F-8169-FE92FB3021F7}.Template|Win32.ActiveCfg = Debug|Win32
		{F3C5F8FF-1142-314F-8169-FE92FB3021F7}.Template|Win32.Build.0 = Debug|Win32
		{F3C5F8FF-1142-314F-8169-FE92FB3021F7}.Template|x64.ActiveCfg = Debug|Win32
		{F3C5F8FF-1142-314F-8169-FE92FB3021F7}.Template|x64.Build.0 = Debug|Win32
		{145E725D-A8BA-36B7-A5A1-9DABB7BE9A9A}.Debug|Win32.ActiveCfg = Debug|Win32
		{145E725D-A8BA-36B7-A5A1-9DABB7BE9A9A}.Debug|Win32.Build.0 = Debug|Win32
		{145E725D-A8BA-36B7-A5A1-9DABB7BE9A9A}.Debug|x64.ActiveCfg = Debug|Win32
		{145E725D-A8BA-36B7-A5A1-9DABB7BE9A9A}.Debug|x64.Build.0 = Debug|Win32
		{145E725D-A8BA-36B7-A5A1-9DABB7BE9A9A}.MinSizeRel|Win32.ActiveCfg = Release|Win32
		{145E725D-A8BA-36B7-A5A1-9DABB7BE9A9A}.MinSizeRel|Win32.Build.0 = Release|Win32
		{145E725D-A8BA-36B7-A5A1-9DABB7BE9A9A}.MinSizeRel|x64.ActiveCfg = Release|Win32
		{145E725D-A8BA-36B7-A5A1-9DABB7BE9A9A}.MinSizeRel|x64.Build.0 = Release|Win32
		{145E725D-A8BA-36B7-A5A1-9DABB7BE9A9A}.Release|Win32.ActiveCfg = Release|Win32
		{145E725D-A8BA-36B7-A5A1-9DABB7BE9A9A}.Release|Win32.Build.0 = Release|Win32
		{145E725D-A8BA-36B7-A5A1-9DABB7BE9A9A}.Release|x64.ActiveCfg = Release|Win32
		{145E725D-A8BA-36B7-A5A1-9DABB7BE9A9A}.Release|x64.Build.0 = Release|Win32
		{145E725D-A8BA-36B7-A5A1-9DABB7BE9A9A}.RelWithDebInfo|Win32.ActiveCfg = Debug|Win32
		{145E725D-A8BA-36B7-A5A1-9DABB7BE9A9A}.RelWithDebInfo|Win32.Build.0 = Debug|Win32
		{145E725D-A8BA-36B7-A5A1-9DABB7BE9A9A}.RelWithDebInfo|x64.ActiveCfg = Debug|Win32
		{145E725D-A8BA-36B7-A5A1-9DABB7BE9A9A}.RelWithDebInfo|x64.Build.0 = Debug|Win32
		{145E725D-A8BA-36B7-A5A1-9DABB7BE9A9A}.Template|Win32.ActiveCfg = Debug|Win32
		{145E725D-A8BA-36B7-A5A1-9DABB7BE9A9A}.Template|Win32.Build.0 = Debug|Win32
		{145E725D-A8BA-36B7-A5A1-9DABB7BE9A9A}.Template|x64.ActiveCfg = Debug|Win32
		{145E725D-A8BA-36B7-A5A1-9DABB7BE9A9A}.Template|x64.Build.0 = Debug|Win32
		{D99F7304-FD3A-33C6-B579-463AED15AB6B}.Debug|Win32.ActiveCfg = Debug|Win32
		{D99F7304-FD3A-33C6-B579-463AED15AB6B}.Debug|Win32.Build.0 = Debug|Win32
		{D99F7304-FD3A-33C6-B579-463AED15AB6B}.Debug|x64.ActiveCfg = Debug|Win32
		{D99F7304-FD3A-33C6-B579-463AED15AB6B}.Debug|x64.Build.0 = Debug|Win32
		{D99F7304-FD3A-33C6-B579-463AED15AB6B}.MinSizeRel|Win32.ActiveCfg = Release|Win32
		{D99F7304-FD3A-33C6-B579-463AED15AB6B}.MinSizeRel|Win32.Build.0 = Release|Win32
		{D99F7304-FD3A-33C6-B579-463AED15AB6B}.MinSizeRel|x64.ActiveCfg = Release|Win32
		{D99F7304-FD3A-33C6-B579-463AED15AB6B}.MinSizeRel|x64.Build.0 = Release|Win32
		{D99F7304-FD3A-33C6-B579-463AED15AB6B}.Release|Win32.ActiveCfg = Release|Win32
		{D99F7304-FD3A-33C6-B579-463AED15AB6B}.Release|Win32.Build.0 = Release|Win32
		{D99F7304-FD3A-33C6-B579-463AED15AB6B}.Release|x64.ActiveCfg = Release|Win32
		{D99F7304-FD3A-33C6-B579-463AED15AB6B}.Release|x64.Build.0 = Release|Win32
		{D99F7304-FD3A-33C6-B579-463AED15AB6B}.RelWithDebInfo|Win32.ActiveCfg = Debug|Win32
		{D99F7304-FD3A-33C6-B579-463AED15AB6B}.RelWithDebInfo|Win32.Build.0 = Debug|Win32
		{D99F7304-FD3A-33C6-B579-463AED15AB6B}.RelWithDebInfo|x64.ActiveCfg = Debug|Win32
		{D99F7304-FD3A-33C6-B579-463AED15AB6B}.RelWithDebInfo|x64.Build.0 = Debug|Win32
		{D99F7304-FD3A-33C6-B579-463AED15AB6B}.Template|Win32.ActiveCfg = Debug|Win32
		{D99F7304-FD3A-33C6-B579-463AED15AB6B}.Template|Win32.Build.0 = Debug|Win32
		{D99F7304-FD3A-33C6-B579-463AED15AB6B}.Template|x64.ActiveCfg = Debug|Win32
		{D99F7304-FD3A-33C6-B579-463AED15AB6B}.Template|x64.Build.0 = Debug|Win32
		{A1047E8A-DB32-31CE-93DB-CE7B5B848476}.Debug|Win32.ActiveCfg = Debug|Win32
		{A1047E8A-DB32-31CE-93DB-CE7B5B848476}.Debug|Win32.Build.0 = Debug|Win32
		{A1047E8A-DB32-31CE-93DB-CE7B5B848476}.Debug|x64.ActiveCfg = Debug|Win32
		{A1047E8A-DB32-31CE-93DB-CE7B5B848476}.Debug|x64.Build.0 = Debug|Win32
		{A1047E8A-DB32-31CE-93DB-CE7B5B848476}.MinSizeRel|Win32.ActiveCfg = MinSizeRel|Win32
		{A1047E8A-DB32-31CE-93DB-CE7B5B848476}.MinSizeRel|Win32.Build.0 = MinSizeRel|Win32
		{A1047E8A-DB32-31CE-93DB-CE7B5B848476}.MinSizeRel|x64.ActiveCfg = MinSizeRel|Win32
		{A1047E8A-DB32-31CE-93DB-CE7B5B848476}.MinSizeRel|x64.Build.0 = MinSizeRel|Win32
		{A1047E8A-DB32-31CE-93DB-CE7B5B848476}.Release|Win32.ActiveCfg = Release|Win32
		{A1047E8A-DB32-31CE-93DB-CE7B5B848476}.Release|Win32.Build.0 = Release|Win32
		{A1047E8A-DB32-31CE-93DB-CE7B5B848476}.Release|x64.ActiveCfg = Release|Win32
		{A1047E8A-DB32-31CE-93DB-CE7B5B848476}.Release|x64.Build.0 = Release|Win32
		{A1047E8A-DB32-31CE-93DB-CE7B5B848476}.RelWithDebInfo|Win32.ActiveCfg = RelWithDebInfo|Win32
		{A1047E8A-DB32-31CE-93DB-CE7B5B848476}.RelWithDebInfo|Win32.Build.0 = RelWithDebInfo|Win32
		{A1047E8A-DB32-31CE-93DB-CE7B5B848476}.RelWithDebInfo|x64.ActiveCfg = RelWithDebInfo|Win32
		{A1047E8A-DB32-31CE-93DB-CE7B5B848476}.RelWithDebInfo|x64.Build.0 = RelWithDebInfo|Win32
		{A1047E8A-DB32-31CE-93DB-CE7B5B848476}.Template|Win32.ActiveCfg = MinSizeRel|Win32
		{A1047E8A-DB32-31CE-93DB-CE7B5B848476}.Template|Win32.Build.0 = MinSizeRel|Win32
		{A1047E8A-DB32-31CE-93DB-CE7B5B848476}.Template|x64.ActiveCfg = MinSizeRel|Win32
		{A1047E8A-DB32-31CE-93DB-CE7B5B848476}.Template|x64.Build.0 = MinSizeRel|Win32
	EndGlobalSection
	GlobalSection(SolutionProperties) = preSolution
		HideSolutionNode = FALSE
	EndGlobalSection
	GlobalSection(ExtensibilityGlobals) = postSolution
		SolutionGuid = {2E23EDA9-2520-4B9B-BEF3-8DA879260F71}
	EndGlobalSection
EndGlobal
