Microsoft Visual Studio Solution File, Format Version 12.00
# Visual Studio Version 17
VisualStudioVersion = 17.14.36121.58
MinimumVisualStudioVersion = 10.0.40219.1
Project("{8BC9CEB8-8B4A-11D0-8D11-00A0C91BC942}") = "SeriousModelerEX", "Modeler\Modeler.vcxproj", "{9E0BA4A5-61AD-9CF5-AC0D-50DAB6639605}"
	ProjectSection(ProjectDependencies) = postProject
		{B7BACCAC-2155-3011-8DBD-31B15EA56686} = {B7BACCAC-2155-3011-8DBD-31B15EA56686}
		{CD1FC06B-A6AA-3863-941E-A19A7E306015} = {CD1FC06B-A6AA-3863-941E-A19A7E306015}
		{927E1062-4FF6-3B45-AEC2-2BA3F6439650} = {927E1062-4FF6-3B45-AEC2-2BA3F6439650}
		{870758F3-5C2F-D196-2A89-CC336EBE7779} = {870758F3-5C2F-D196-2A89-CC336EBE7779}
		{7D18AF2C-597A-3168-9729-3B299D1DC3AE} = {7D18AF2C-597A-3168-9729-3B299D1DC3AE}
		{8AF524C9-BE53-3351-A217-9F106058BA36} = {8AF524C9-BE53-3351-A217-9F106058BA36}
	EndProjectSection
EndProject
Project("{8BC9CEB8-8B4A-11D0-8D11-00A0C91BC942}") = "SeriousEditorEX", "WorldEditor\WorldEditor.vcxproj", "{DC47DA88-14E2-0634-61C5-7CEEC46A45C2}"
	ProjectSection(ProjectDependencies) = postProject
		{B7BACCAC-2155-3011-8DBD-31B15EA56686} = {B7BACCAC-2155-3011-8DBD-31B15EA56686}
		{CD1FC06B-A6AA-3863-941E-A19A7E306015} = {CD1FC06B-A6AA-3863-941E-A19A7E306015}
		{927E1062-4FF6-3B45-AEC2-2BA3F6439650} = {927E1062-4FF6-3B45-AEC2-2BA3F6439650}
		{870758F3-5C2F-D196-2A89-CC336EBE7779} = {870758F3-5C2F-D196-2A89-CC336EBE7779}
		{7D18AF2C-597A-3168-9729-3B299D1DC3AE} = {7D18AF2C-597A-3168-9729-3B299D1DC3AE}
		{8AF524C9-BE53-3351-A217-9F106058BA36} = {8AF524C9-BE53-3351-A217-9F106058BA36}
	EndProjectSection
EndProject
Project("{8BC9CEB8-8B4A-11D0-8D11-00A0C91BC942}") = "assimp", "assimpBuild\code\assimp.vcxproj", "{CD1FC06B-A6AA-3863-941E-A19A7E306015}"
EndProject
Project("{8BC9CEB8-8B4A-11D0-8D11-00A0C91BC942}") = "IrrXML", "assimpBuild\contrib\irrXML\IrrXML.vcxproj", "{4C86C054-5D96-3430-BA31-7C464E3E374D}"
EndProject
Project("{8BC9CEB8-8B4A-11D0-8D11-00A0C91BC942}") = "SeriousEngineCppAPI", "SeriousEngineCppAPIBuild\SeriousEngineCppAPI.vcxproj", "{927E1062-4FF6-3B45-AEC2-2BA3F6439650}"
EndProject
Project("{8BC9CEB8-8B4A-11D0-8D11-00A0C91BC942}") = "EngineEX", "EngineGui\EngineGUI.vcxproj", "{870758F3-5C2F-D196-2A89-CC336EBE7779}"
	ProjectSection(ProjectDependencies) = postProject
		{CD1FC06B-A6AA-3863-941E-A19A7E306015} = {CD1FC06B-A6AA-3863-941E-A19A7E306015}
		{927E1062-4FF6-3B45-AEC2-2BA3F6439650} = {927E1062-4FF6-3B45-AEC2-2BA3F6439650}
		{7D18AF2C-597A-3168-9729-3B299D1DC3AE} = {7D18AF2C-597A-3168-9729-3B299D1DC3AE}
		{4C86C054-5D96-3430-BA31-7C464E3E374D} = {4C86C054-5D96-3430-BA31-7C464E3E374D}
		{BA1BDC5C-36AE-37F6-87ED-BAFC6C91EA67} = {BA1BDC5C-36AE-37F6-87ED-BAFC6C91EA67}
	EndProjectSection
EndProject
Project("{8BC9CEB8-8B4A-11D0-8D11-00A0C91BC942}") = "zlibstatic", "assimpBuild\contrib\zlib\zlibstatic.vcxproj", "{BA1BDC5C-36AE-37F6-87ED-BAFC6C91EA67}"
EndProject
Project("{8BC9CEB8-8B4A-11D0-8D11-00A0C91BC942}") = "CrashRpt", "CrashRptBuild\reporting\crashrpt\CrashRpt.vcxproj", "{B7BACCAC-2155-3011-8DBD-31B15EA56686}"
EndProject
Project("{8BC9CEB8-8B4A-11D0-8D11-00A0C91BC942}") = "CrashSender", "CrashRptBuild\reporting\crashsender\CrashSender.vcxproj", "{8AF524C9-BE53-3351-A217-9F106058BA36}"
EndProject
Project("{8BC9CEB8-8B4A-11D0-8D11-00A0C91BC942}") = "zlib", "CrashRptBuild\thirdparty\zlib\zlib.vcxproj", "{1200AF30-F59B-3B63-AAE5-359877CE78ED}"
EndProject
Project("{8BC9CEB8-8B4A-11D0-8D11-00A0C91BC942}") = "minizip", "CrashRptBuild\thirdparty\minizip\minizip.vcxproj", "{0F2FBF87-46A8-31D1-97BD-A2820C51CD08}"
EndProject
Project("{8BC9CEB8-8B4A-11D0-8D11-00A0C91BC942}") = "libjpeg", "CrashRptBuild\thirdparty\jpeg\libjpeg.vcxproj", "{FDFC1EC6-71AE-3307-A6A0-6B12E5DE7A3A}"
EndProject
Project("{8BC9CEB8-8B4A-11D0-8D11-00A0C91BC942}") = "libpng", "CrashRptBuild\thirdparty\libpng\libpng.vcxproj", "{D17D4B7C-B9A0-3C78-858F-57CF3C06454C}"
EndProject
Project("{8BC9CEB8-8B4A-11D0-8D11-00A0C91BC942}") = "tinyxml", "CrashRptBuild\thirdparty\tinyxml\tinyxml.vcxproj", "{62E31690-C1D3-3F9F-87F2-B3CD41DD89C4}"
EndProject
Project("{8BC9CEB8-8B4A-11D0-8D11-00A0C91BC942}") = "libogg", "CrashRptBuild\thirdparty\libogg\libogg.vcxproj", "{64276E85-71F1-3266-B52F-E870CF7A4611}"
EndProject
Project("{8BC9CEB8-8B4A-11D0-8D11-00A0C91BC942}") = "libtheora", "CrashRptBuild\thirdparty\libtheora\libtheora.vcxproj", "{EE5A10B1-D605-3EEA-9AFA-EF3127CFEED9}"
EndProject
Project("{8BC9CEB8-8B4A-11D0-8D11-00A0C91BC942}") = "qtwinmigrate", "qtwinmigrateBuild\qtwinmigrate.vcxproj", "{7D18AF2C-597A-3168-9729-3B299D1DC3AE}"
EndProject
Global
	GlobalSection(SolutionConfigurationPlatforms) = preSolution
		Debug|Win32 = Debug|Win32
		Release|Win32 = Release|Win32
	EndGlobalSection
	GlobalSection(ProjectConfigurationPlatforms) = postSolution
		{9E0BA4A5-61AD-9CF5-AC0D-50DAB6639605}.Debug|Win32.ActiveCfg = Debug|Win32
		{9E0BA4A5-61AD-9CF5-AC0D-50DAB6639605}.Debug|Win32.Build.0 = Debug|Win32
		{9E0BA4A5-61AD-9CF5-AC0D-50DAB6639605}.Release|Win32.ActiveCfg = Release|Win32
		{9E0BA4A5-61AD-9CF5-AC0D-50DAB6639605}.Release|Win32.Build.0 = Release|Win32
		{DC47DA88-14E2-0634-61C5-7CEEC46A45C2}.Debug|Win32.ActiveCfg = Debug|Win32
		{DC47DA88-14E2-0634-61C5-7CEEC46A45C2}.Debug|Win32.Build.0 = Debug|Win32
		{DC47DA88-14E2-0634-61C5-7CEEC46A45C2}.Release|Win32.ActiveCfg = Release|Win32
		{DC47DA88-14E2-0634-61C5-7CEEC46A45C2}.Release|Win32.Build.0 = Release|Win32
		{CD1FC06B-A6AA-3863-941E-A19A7E306015}.Debug|Win32.ActiveCfg = Debug|Win32
		{CD1FC06B-A6AA-3863-941E-A19A7E306015}.Debug|Win32.Build.0 = Debug|Win32
		{CD1FC06B-A6AA-3863-941E-A19A7E306015}.Release|Win32.ActiveCfg = Release|Win32
		{CD1FC06B-A6AA-3863-941E-A19A7E306015}.Release|Win32.Build.0 = Release|Win32
		{4C86C054-5D96-3430-BA31-7C464E3E374D}.Debug|Win32.ActiveCfg = Debug|Win32
		{4C86C054-5D96-3430-BA31-7C464E3E374D}.Debug|Win32.Build.0 = Debug|Win32
		{4C86C054-5D96-3430-BA31-7C464E3E374D}.Release|Win32.ActiveCfg = Release|Win32
		{4C86C054-5D96-3430-BA31-7C464E3E374D}.Release|Win32.Build.0 = Release|Win32
		{927E1062-4FF6-3B45-AEC2-2BA3F6439650}.Debug|Win32.ActiveCfg = Debug|Win32
		{927E1062-4FF6-3B45-AEC2-2BA3F6439650}.Debug|Win32.Build.0 = Debug|Win32
		{927E1062-4FF6-3B45-AEC2-2BA3F6439650}.Release|Win32.ActiveCfg = Release|Win32
		{927E1062-4FF6-3B45-AEC2-2BA3F6439650}.Release|Win32.Build.0 = Release|Win32
		{870758F3-5C2F-D196-2A89-CC336EBE7779}.Debug|Win32.ActiveCfg = Debug|Win32
		{870758F3-5C2F-D196-2A89-CC336EBE7779}.Debug|Win32.Build.0 = Debug|Win32
		{870758F3-5C2F-D196-2A89-CC336EBE7779}.Release|Win32.ActiveCfg = Release|Win32
		{870758F3-5C2F-D196-2A89-CC336EBE7779}.Release|Win32.Build.0 = Release|Win32
		{BA1BDC5C-36AE-37F6-87ED-BAFC6C91EA67}.Debug|Win32.ActiveCfg = Debug|Win32
		{BA1BDC5C-36AE-37F6-87ED-BAFC6C91EA67}.Debug|Win32.Build.0 = Debug|Win32
		{BA1BDC5C-36AE-37F6-87ED-BAFC6C91EA67}.Release|Win32.ActiveCfg = Release|Win32
		{BA1BDC5C-36AE-37F6-87ED-BAFC6C91EA67}.Release|Win32.Build.0 = Release|Win32
		{B7BACCAC-2155-3011-8DBD-31B15EA56686}.Debug|Win32.ActiveCfg = Debug|Win32
		{B7BACCAC-2155-3011-8DBD-31B15EA56686}.Debug|Win32.Build.0 = Debug|Win32
		{B7BACCAC-2155-3011-8DBD-31B15EA56686}.Release|Win32.ActiveCfg = Release|Win32
		{B7BACCAC-2155-3011-8DBD-31B15EA56686}.Release|Win32.Build.0 = Release|Win32
		{8AF524C9-BE53-3351-A217-9F106058BA36}.Debug|Win32.ActiveCfg = Debug|Win32
		{8AF524C9-BE53-3351-A217-9F106058BA36}.Debug|Win32.Build.0 = Debug|Win32
		{8AF524C9-BE53-3351-A217-9F106058BA36}.Release|Win32.ActiveCfg = Release|Win32
		{8AF524C9-BE53-3351-A217-9F106058BA36}.Release|Win32.Build.0 = Release|Win32
		{1200AF30-F59B-3B63-AAE5-359877CE78ED}.Debug|Win32.ActiveCfg = Debug|Win32
		{1200AF30-F59B-3B63-AAE5-359877CE78ED}.Debug|Win32.Build.0 = Debug|Win32
		{1200AF30-F59B-3B63-AAE5-359877CE78ED}.Release|Win32.ActiveCfg = Release|Win32
		{1200AF30-F59B-3B63-AAE5-359877CE78ED}.Release|Win32.Build.0 = Release|Win32
		{0F2FBF87-46A8-31D1-97BD-A2820C51CD08}.Debug|Win32.ActiveCfg = Debug|Win32
		{0F2FBF87-46A8-31D1-97BD-A2820C51CD08}.Debug|Win32.Build.0 = Debug|Win32
		{0F2FBF87-46A8-31D1-97BD-A2820C51CD08}.Release|Win32.ActiveCfg = Release|Win32
		{0F2FBF87-46A8-31D1-97BD-A2820C51CD08}.Release|Win32.Build.0 = Release|Win32
		{FDFC1EC6-71AE-3307-A6A0-6B12E5DE7A3A}.Debug|Win32.ActiveCfg = Debug|Win32
		{FDFC1EC6-71AE-3307-A6A0-6B12E5DE7A3A}.Debug|Win32.Build.0 = Debug|Win32
		{FDFC1EC6-71AE-3307-A6A0-6B12E5DE7A3A}.Release|Win32.ActiveCfg = Release|Win32
		{FDFC1EC6-71AE-3307-A6A0-6B12E5DE7A3A}.Release|Win32.Build.0 = Release|Win32
		{D17D4B7C-B9A0-3C78-858F-57CF3C06454C}.Debug|Win32.ActiveCfg = Debug|Win32
		{D17D4B7C-B9A0-3C78-858F-57CF3C06454C}.Debug|Win32.Build.0 = Debug|Win32
		{D17D4B7C-B9A0-3C78-858F-57CF3C06454C}.Release|Win32.ActiveCfg = Release|Win32
		{D17D4B7C-B9A0-3C78-858F-57CF3C06454C}.Release|Win32.Build.0 = Release|Win32
		{62E31690-C1D3-3F9F-87F2-B3CD41DD89C4}.Debug|Win32.ActiveCfg = Debug|Win32
		{62E31690-C1D3-3F9F-87F2-B3CD41DD89C4}.Debug|Win32.Build.0 = Debug|Win32
		{62E31690-C1D3-3F9F-87F2-B3CD41DD89C4}.Release|Win32.ActiveCfg = Release|Win32
		{62E31690-C1D3-3F9F-87F2-B3CD41DD89C4}.Release|Win32.Build.0 = Release|Win32
		{64276E85-71F1-3266-B52F-E870CF7A4611}.Debug|Win32.ActiveCfg = Debug|Win32
		{64276E85-71F1-3266-B52F-E870CF7A4611}.Debug|Win32.Build.0 = Debug|Win32
		{64276E85-71F1-3266-B52F-E870CF7A4611}.Release|Win32.ActiveCfg = Release|Win32
		{64276E85-71F1-3266-B52F-E870CF7A4611}.Release|Win32.Build.0 = Release|Win32
		{EE5A10B1-D605-3EEA-9AFA-EF3127CFEED9}.Debug|Win32.ActiveCfg = Debug|Win32
		{EE5A10B1-D605-3EEA-9AFA-EF3127CFEED9}.Debug|Win32.Build.0 = Debug|Win32
		{EE5A10B1-D605-3EEA-9AFA-EF3127CFEED9}.Release|Win32.ActiveCfg = Release|Win32
		{EE5A10B1-D605-3EEA-9AFA-EF3127CFEED9}.Release|Win32.Build.0 = Release|Win32
		{7D18AF2C-597A-3168-9729-3B299D1DC3AE}.Debug|Win32.ActiveCfg = Debug|Win32
		{7D18AF2C-597A-3168-9729-3B299D1DC3AE}.Debug|Win32.Build.0 = Debug|Win32
		{7D18AF2C-597A-3168-9729-3B299D1DC3AE}.Release|Win32.ActiveCfg = Release|Win32
		{7D18AF2C-597A-3168-9729-3B299D1DC3AE}.Release|Win32.Build.0 = Release|Win32
	EndGlobalSection
	GlobalSection(SolutionProperties) = preSolution
		HideSolutionNode = FALSE
	EndGlobalSection
	GlobalSection(ExtensibilityGlobals) = postSolution
		SolutionGuid = {2E23EDA9-2520-4B9B-BEF3-8DA879260F71}
	EndGlobalSection
EndGlobal
